
Microsoft Visual Studio Solution File, Format Version 12.00
# Visual Studio Version 16
VisualStudioVersion = 16.0.30804.86
MinimumVisualStudioVersion = 10.0.40219.1
Project("{9A19103F-16F7-4668-BE54-9A1E7A4F7556}") = "Bingol", "Bingol.csproj", "{664B7C29-4FE4-4170-853D-68EF4DBCD017}"
EndProject
Global
	GlobalSection(SolutionConfigurationPlatforms) = preSolution
		Debug|Any CPU = Debug|Any CPU
		Release|Any CPU = Release|Any CPU
	EndGlobalSection
	GlobalSection(ProjectConfigurationPlatforms) = postSolution
		{664B7C29-4FE4-4170-853D-68EF4DBCD017}.Debug|Any CPU.ActiveCfg = Debug|Any CPU
		{664B7C29-4FE4-4170-853D-68EF4DBCD017}.Debug|Any CPU.Build.0 = Debug|Any CPU
		{664B7C29-4FE4-4170-853D-68EF4DBCD017}.Release|Any CPU.ActiveCfg = Release|Any CPU
		{664B7C29-4FE4-4170-853D-68EF4DBCD017}.Release|Any CPU.Build.0 = Release|Any CPU
	EndGlobalSection
	GlobalSection(SolutionProperties) = preSolution
		HideSolutionNode = FALSE
	EndGlobalSection
	GlobalSection(ExtensibilityGlobals) = postSolution
		SolutionGuid = {ADB9FEA8-E755-4685-B5CD-2F3528D012DF}
	EndGlobalSection
EndGlobal
